
Microsoft Visual Studio Solution File, Format Version 12.00
# Visual Studio Version 17
VisualStudioVersion = 17.3.32825.248
MinimumVisualStudioVersion = 10.0.40219.1
Project("{FAE04EC0-301F-11D3-BF4B-00C04F79EFBC}") = "ejercicioPOO", "ejercicioPOO\ejercicioPOO.csproj", "{B29FBB07-CFA7-4B95-AE0E-786FE418C635}"
EndProject
Global
	GlobalSection(SolutionConfigurationPlatforms) = preSolution
		Debug|Any CPU = Debug|Any CPU
		Release|Any CPU = Release|Any CPU
	EndGlobalSection
	GlobalSection(ProjectConfigurationPlatforms) = postSolution
		{B29FBB07-CFA7-4B95-AE0E-786FE418C635}.Debug|Any CPU.ActiveCfg = Debug|Any CPU
		{B29FBB07-CFA7-4B95-AE0E-786FE418C635}.Debug|Any CPU.Build.0 = Debug|Any CPU
		{B29FBB07-CFA7-4B95-AE0E-786FE418C635}.Release|Any CPU.ActiveCfg = Release|Any CPU
		{B29FBB07-CFA7-4B95-AE0E-786FE418C635}.Release|Any CPU.Build.0 = Release|Any CPU
	EndGlobalSection
	GlobalSection(SolutionProperties) = preSolution
		HideSolutionNode = FALSE
	EndGlobalSection
	GlobalSection(ExtensibilityGlobals) = postSolution
		SolutionGuid = {23B8A031-F7E5-4E11-BAC7-659E8427B5DE}
	EndGlobalSection
EndGlobal
